
Microsoft Visual Studio Solution File, Format Version 12.00
# Visual Studio Version 16
VisualStudioVersion = 16.0.29613.14
MinimumVisualStudioVersion = 10.0.40219.1
Project("{FAE04EC0-301F-11D3-BF4B-00C04F79EFBC}") = "CadastroFornecedoresGrupoSym", "CadastroFornecedoresGrupoSym.csproj", "{28B5B051-7934-4A43-B902-2458061B2D08}"
EndProject
Global
	GlobalSection(SolutionConfigurationPlatforms) = preSolution
		Debug|Any CPU = Debug|Any CPU
		Release|Any CPU = Release|Any CPU
	EndGlobalSection
	GlobalSection(ProjectConfigurationPlatforms) = postSolution
		{28B5B051-7934-4A43-B902-2458061B2D08}.Debug|Any CPU.ActiveCfg = Debug|Any CPU
		{28B5B051-7934-4A43-B902-2458061B2D08}.Debug|Any CPU.Build.0 = Debug|Any CPU
		{28B5B051-7934-4A43-B902-2458061B2D08}.Release|Any CPU.ActiveCfg = Release|Any CPU
		{28B5B051-7934-4A43-B902-2458061B2D08}.Release|Any CPU.Build.0 = Release|Any CPU
	EndGlobalSection
	GlobalSection(SolutionProperties) = preSolution
		HideSolutionNode = FALSE
	EndGlobalSection
	GlobalSection(ExtensibilityGlobals) = postSolution
		SolutionGuid = {1CC4305D-CCAE-4CCC-979E-A7B50A20BD45}
	EndGlobalSection
EndGlobal
